{
  "nodes": {
    "home-manager": {
      "inputs": {
        "nixpkgs": [
          "zen-browser",
          "nixpkgs"
        ]
      },
      "locked": {
        "lastModified": 1743604125,
        "narHash": "sha256-ZD61DNbsBt1mQbinAaaEqKaJk2RFo9R/j+eYWeGMx7A=",
        "owner": "nix-community",
        "repo": "home-manager",
        "rev": "180fd43eea296e62ae68e079fcf56aba268b9a1a",
        "type": "github"
      },
      "original": {
        "owner": "nix-community",
        "repo": "home-manager",
        "type": "github"
      }
    },
    "nixpkgs": {
      "locked": {
        "lastModified": 1747209494,
        "narHash": "sha256-fLise+ys+bpyjuUUkbwqo5W/UyIELvRz9lPBPoB0fbM=",
        "owner": "NixOS",
        "repo": "nixpkgs",
        "rev": "5d736263df906c5da72ab0f372427814de2f52f8",
        "type": "github"
      },
      "original": {
        "owner": "NixOS",
        "ref": "nixos-24.11",
        "repo": "nixpkgs",
        "type": "github"
      }
    },
    "root": {
      "inputs": {
        "nixpkgs": "nixpkgs",
        "zen-browser": "zen-browser"
      }
    },
    "zen-browser": {
      "inputs": {
        "home-manager": "home-manager",
        "nixpkgs": [
          "nixpkgs"
        ]
      },
      "locked": {
        "lastModified": 1747451268,
        "narHash": "sha256-Fj9KW6jRJXQVmLk39baB7KNUANhzcifpNPDLoToi+A4=",
        "owner": "0xc000022070",
        "repo": "zen-browser-flake",
        "rev": "8f523c1a9d6935d34f76513a1b654e9c42e0343c",
        "type": "github"
      },
      "original": {
        "owner": "0xc000022070",
        "repo": "zen-browser-flake",
        "type": "github"
      }
    }
  },
  "root": "root",
  "version": 7
}
